
Microsoft Visual Studio Solution File, Format Version 12.00
# Visual Studio Version 17
VisualStudioVersion = 17.5.002.0
MinimumVisualStudioVersion = 10.0.40219.1
Project("{9A19103F-16F7-4668-BE54-9A1E7A4F7556}") = "CG_N4_Exemplo", "CG_N4_Exemplo.csproj", "{BB6B4C2D-93C5-4136-8B6A-39C23B97C3B3}"
EndProject
Global
	GlobalSection(SolutionConfigurationPlatforms) = preSolution
		Debug|Any CPU = Debug|Any CPU
		Release|Any CPU = Release|Any CPU
	EndGlobalSection
	GlobalSection(ProjectConfigurationPlatforms) = postSolution
		{BB6B4C2D-93C5-4136-8B6A-39C23B97C3B3}.Debug|Any CPU.ActiveCfg = Debug|Any CPU
		{BB6B4C2D-93C5-4136-8B6A-39C23B97C3B3}.Debug|Any CPU.Build.0 = Debug|Any CPU
		{BB6B4C2D-93C5-4136-8B6A-39C23B97C3B3}.Release|Any CPU.ActiveCfg = Release|Any CPU
		{BB6B4C2D-93C5-4136-8B6A-39C23B97C3B3}.Release|Any CPU.Build.0 = Release|Any CPU
	EndGlobalSection
	GlobalSection(SolutionProperties) = preSolution
		HideSolutionNode = FALSE
	EndGlobalSection
	GlobalSection(ExtensibilityGlobals) = postSolution
		SolutionGuid = {165D8109-2636-41E4-AF8E-18437D01564E}
	EndGlobalSection
EndGlobal
